
Microsoft Visual Studio Solution File, Format Version 12.00
# Visual Studio Version 16
VisualStudioVersion = 16.0.30413.136
MinimumVisualStudioVersion = 10.0.40219.1
Project("{FAE04EC0-301F-11D3-BF4B-00C04F79EFBC}") = "Learning", "Learning\Learning.csproj", "{036E7F43-D636-4426-A36A-A65FBC375376}"
EndProject
Global
	GlobalSection(SolutionConfigurationPlatforms) = preSolution
		Debug|Any CPU = Debug|Any CPU
		Release|Any CPU = Release|Any CPU
	EndGlobalSection
	GlobalSection(ProjectConfigurationPlatforms) = postSolution
		{036E7F43-D636-4426-A36A-A65FBC375376}.Debug|Any CPU.ActiveCfg = Debug|Any CPU
		{036E7F43-D636-4426-A36A-A65FBC375376}.Debug|Any CPU.Build.0 = Debug|Any CPU
		{036E7F43-D636-4426-A36A-A65FBC375376}.Release|Any CPU.ActiveCfg = Release|Any CPU
		{036E7F43-D636-4426-A36A-A65FBC375376}.Release|Any CPU.Build.0 = Release|Any CPU
	EndGlobalSection
	GlobalSection(SolutionProperties) = preSolution
		HideSolutionNode = FALSE
	EndGlobalSection
	GlobalSection(ExtensibilityGlobals) = postSolution
		SolutionGuid = {94C571A8-13F2-4044-BE53-8AC3830B29AC}
	EndGlobalSection
EndGlobal
